{
  "lockfileVersion": 1,
  "configVersion": 1,
  "workspaces": {
    "": {
      "name": "ada-brain",
      "dependencies": {
        "agl-ai": "file:../../agl",
        "bun-coffeescript": "^1.0.3",
        "js-yaml": "^4.1.0",
      },
    },
  },
  "packages": {
    "agl-ai": ["agl-ai@file:../../agl", {}],

    "argparse": ["argparse@2.0.1", "", {}, "sha512-8+9WqebbFzpX9OR+Wa6O29asIogeRMzcGtAINdpMHHyAg10f05aSFVBbcEqGf/PXw1EjAZ+q2/bEBg3DvurK3Q=="],

    "bun-coffeescript": ["bun-coffeescript@1.0.3", "", { "dependencies": { "coffeescript": "^2.7.0" } }, "sha512-UEnyRtQXvlQOLmmr0gVewl+mo1WnjMPZqo4hdZQc5+pADzCaDEanBi4m4PYW7tDZRJOzf9jnIBWXsR+lfoVTVw=="],

    "coffeescript": ["coffeescript@2.7.0", "", { "bin": { "coffee": "bin/coffee", "cake": "bin/cake" } }, "sha512-hzWp6TUE2d/jCcN67LrW1eh5b/rSDKQK6oD6VMLlggYVUUFexgTH9z3dNYihzX4RMhze5FTUsUmOXViJKFQR/A=="],

    "js-yaml": ["js-yaml@4.3.0", "", { "dependencies": { "argparse": "^2.0.1" }, "bin": { "js-yaml": "bin/js-yaml.js" } }, "sha512-1td788aAnnZ5qs7V2QIRl1owjtYpbKt749Y3xauqQgwIIGF/xXWz1wMTEBx5O3LK3lXLVuqXPdPxj2BoFHaW9Q=="],
  }
}
